
Microsoft Visual Studio Solution File, Format Version 12.00
# Visual Studio Version 17
VisualStudioVersion = 17.8.34525.116
MinimumVisualStudioVersion = 10.0.40219.1
Project("{8BC9CEB8-8B4A-11D0-8D11-00A0C91BC942}") = "MakeEngine", "MakeEngine.vcxproj", "{08A3C955-B54B-4CAB-A6CC-B8D1D1761EC9}"
EndProject
Global
	GlobalSection(SolutionConfigurationPlatforms) = preSolution
		Debug|x64 = Debug|x64
		Debug|x86 = Debug|x86
		Release|x64 = Release|x64
		Release|x86 = Release|x86
	EndGlobalSection
	GlobalSection(ProjectConfigurationPlatforms) = postSolution
		{08A3C955-B54B-4CAB-A6CC-B8D1D1761EC9}.Debug|x64.ActiveCfg = Debug|x64
		{08A3C955-B54B-4CAB-A6CC-B8D1D1761EC9}.Debug|x64.Build.0 = Debug|x64
		{08A3C955-B54B-4CAB-A6CC-B8D1D1761EC9}.Debug|x86.ActiveCfg = Debug|Win32
		{08A3C955-B54B-4CAB-A6CC-B8D1D1761EC9}.Debug|x86.Build.0 = Debug|Win32
		{08A3C955-B54B-4CAB-A6CC-B8D1D1761EC9}.Release|x64.ActiveCfg = Release|x64
		{08A3C955-B54B-4CAB-A6CC-B8D1D1761EC9}.Release|x64.Build.0 = Release|x64
		{08A3C955-B54B-4CAB-A6CC-B8D1D1761EC9}.Release|x86.ActiveCfg = Release|Win32
		{08A3C955-B54B-4CAB-A6CC-B8D1D1761EC9}.Release|x86.Build.0 = Release|Win32
	EndGlobalSection
	GlobalSection(SolutionProperties) = preSolution
		HideSolutionNode = FALSE
	EndGlobalSection
	GlobalSection(ExtensibilityGlobals) = postSolution
		SolutionGuid = {D4046805-A1C8-4895-85D7-BA6990FF57E2}
	EndGlobalSection
EndGlobal
