
Microsoft Visual Studio Solution File, Format Version 12.00
# Visual Studio Version 17
VisualStudioVersion = 17.8.34525.116
MinimumVisualStudioVersion = 10.0.40219.1
Project("{8BC9CEB8-8B4A-11D0-8D11-00A0C91BC942}") = "MakeEngine", "MakeEngine.vcxproj", "{08A3C955-B54B-4CAB-A6CC-B8D1D1761EC9}"
	ProjectSection(ProjectDependencies) = postProject
		{60BC67E1-789D-4AA0-99A9-476409B4DF56} = {60BC67E1-789D-4AA0-99A9-476409B4DF56}
	EndProjectSection
EndProject
Project("{8BC9CEB8-8B4A-11D0-8D11-00A0C91BC942}") = "NewbieEngine_Source", "..\NewbieEngine_Source\NewbieEngine_Source.vcxitems", "{F2D72CF2-98B5-4759-88E7-815F7A945308}"
EndProject
Project("{8BC9CEB8-8B4A-11D0-8D11-00A0C91BC942}") = "NewbieEngine_Window", "..\NewbieEngine_Window\NewbieEngine_Window.vcxproj", "{908D8CF2-6CD8-47C4-8A6F-311BBAFC282F}"
EndProject
Project("{2150E333-8FDC-42A3-9474-1A3956D46DE8}") = "Resources", "Resources", "{80FA79BE-B052-4006-8DFF-56CC8352F3DF}"
EndProject
Project("{8BC9CEB8-8B4A-11D0-8D11-00A0C91BC942}") = "NewbieEngine", "..\NewbieEngine\NewbieEngine.vcxproj", "{60BC67E1-789D-4AA0-99A9-476409B4DF56}"
EndProject
Global
	GlobalSection(SolutionConfigurationPlatforms) = preSolution
		Debug|x64 = Debug|x64
		Debug|x86 = Debug|x86
		Release|x64 = Release|x64
		Release|x86 = Release|x86
	EndGlobalSection
	GlobalSection(ProjectConfigurationPlatforms) = postSolution
		{08A3C955-B54B-4CAB-A6CC-B8D1D1761EC9}.Debug|x64.ActiveCfg = Debug|x64
		{08A3C955-B54B-4CAB-A6CC-B8D1D1761EC9}.Debug|x64.Build.0 = Debug|x64
		{08A3C955-B54B-4CAB-A6CC-B8D1D1761EC9}.Debug|x86.ActiveCfg = Debug|Win32
		{08A3C955-B54B-4CAB-A6CC-B8D1D1761EC9}.Debug|x86.Build.0 = Debug|Win32
		{08A3C955-B54B-4CAB-A6CC-B8D1D1761EC9}.Release|x64.ActiveCfg = Release|x64
		{08A3C955-B54B-4CAB-A6CC-B8D1D1761EC9}.Release|x64.Build.0 = Release|x64
		{08A3C955-B54B-4CAB-A6CC-B8D1D1761EC9}.Release|x86.ActiveCfg = Release|Win32
		{08A3C955-B54B-4CAB-A6CC-B8D1D1761EC9}.Release|x86.Build.0 = Release|Win32
		{908D8CF2-6CD8-47C4-8A6F-311BBAFC282F}.Debug|x64.ActiveCfg = Debug|x64
		{908D8CF2-6CD8-47C4-8A6F-311BBAFC282F}.Debug|x64.Build.0 = Debug|x64
		{908D8CF2-6CD8-47C4-8A6F-311BBAFC282F}.Debug|x86.ActiveCfg = Debug|Win32
		{908D8CF2-6CD8-47C4-8A6F-311BBAFC282F}.Debug|x86.Build.0 = Debug|Win32
		{908D8CF2-6CD8-47C4-8A6F-311BBAFC282F}.Release|x64.ActiveCfg = Release|x64
		{908D8CF2-6CD8-47C4-8A6F-311BBAFC282F}.Release|x64.Build.0 = Release|x64
		{908D8CF2-6CD8-47C4-8A6F-311BBAFC282F}.Release|x86.ActiveCfg = Release|Win32
		{908D8CF2-6CD8-47C4-8A6F-311BBAFC282F}.Release|x86.Build.0 = Release|Win32
		{60BC67E1-789D-4AA0-99A9-476409B4DF56}.Debug|x64.ActiveCfg = Debug|x64
		{60BC67E1-789D-4AA0-99A9-476409B4DF56}.Debug|x64.Build.0 = Debug|x64
		{60BC67E1-789D-4AA0-99A9-476409B4DF56}.Debug|x86.ActiveCfg = Debug|Win32
		{60BC67E1-789D-4AA0-99A9-476409B4DF56}.Debug|x86.Build.0 = Debug|Win32
		{60BC67E1-789D-4AA0-99A9-476409B4DF56}.Release|x64.ActiveCfg = Release|x64
		{60BC67E1-789D-4AA0-99A9-476409B4DF56}.Release|x64.Build.0 = Release|x64
		{60BC67E1-789D-4AA0-99A9-476409B4DF56}.Release|x86.ActiveCfg = Release|Win32
		{60BC67E1-789D-4AA0-99A9-476409B4DF56}.Release|x86.Build.0 = Release|Win32
	EndGlobalSection
	GlobalSection(SolutionProperties) = preSolution
		HideSolutionNode = FALSE
	EndGlobalSection
	GlobalSection(ExtensibilityGlobals) = postSolution
		SolutionGuid = {D4046805-A1C8-4895-85D7-BA6990FF57E2}
	EndGlobalSection
	GlobalSection(SharedMSBuildProjectFiles) = preSolution
		..\NewbieEngine_Source\NewbieEngine_Source.vcxitems*{08a3c955-b54b-4cab-a6cc-b8d1d1761ec9}*SharedItemsImports = 4
		..\NewbieEngine_Source\NewbieEngine_Source.vcxitems*{60bc67e1-789d-4aa0-99a9-476409b4df56}*SharedItemsImports = 4
		..\NewbieEngine_Source\NewbieEngine_Source.vcxitems*{908d8cf2-6cd8-47c4-8a6f-311bbafc282f}*SharedItemsImports = 4
		..\NewbieEngine_Source\NewbieEngine_Source.vcxitems*{f2d72cf2-98b5-4759-88e7-815f7a945308}*SharedItemsImports = 9
	EndGlobalSection
EndGlobal
